
Microsoft Visual Studio Solution File, Format Version 12.00
# Visual Studio Version 17
VisualStudioVersion = 17.13.35931.197
MinimumVisualStudioVersion = 10.0.40219.1
Project("{FAE04EC0-301F-11D3-BF4B-00C04F79EFBC}") = "CorePractDotNet", "CorePractDotNet\CorePractDotNet.csproj", "{2A5D6C8E-9961-4DD3-B06E-71935BB9FD05}"
EndProject
Project("{FAE04EC0-301F-11D3-BF4B-00C04F79EFBC}") = "ArrayAndString", "ArrayAndString\ArrayAndString.csproj", "{B40C0006-C0CB-4943-8668-F073ABF9436A}"
EndProject
Project("{FAE04EC0-301F-11D3-BF4B-00C04F79EFBC}") = "LinkedList", "LinkedList\LinkedList.csproj", "{6315405E-FF6E-4EA1-96F0-7C1F97C72FFE}"
EndProject
Global
	GlobalSection(SolutionConfigurationPlatforms) = preSolution
		Debug|Any CPU = Debug|Any CPU
		Release|Any CPU = Release|Any CPU
	EndGlobalSection
	GlobalSection(ProjectConfigurationPlatforms) = postSolution
		{2A5D6C8E-9961-4DD3-B06E-71935BB9FD05}.Debug|Any CPU.ActiveCfg = Debug|Any CPU
		{2A5D6C8E-9961-4DD3-B06E-71935BB9FD05}.Debug|Any CPU.Build.0 = Debug|Any CPU
		{2A5D6C8E-9961-4DD3-B06E-71935BB9FD05}.Release|Any CPU.ActiveCfg = Release|Any CPU
		{2A5D6C8E-9961-4DD3-B06E-71935BB9FD05}.Release|Any CPU.Build.0 = Release|Any CPU
		{B40C0006-C0CB-4943-8668-F073ABF9436A}.Debug|Any CPU.ActiveCfg = Debug|Any CPU
		{B40C0006-C0CB-4943-8668-F073ABF9436A}.Debug|Any CPU.Build.0 = Debug|Any CPU
		{B40C0006-C0CB-4943-8668-F073ABF9436A}.Release|Any CPU.ActiveCfg = Release|Any CPU
		{B40C0006-C0CB-4943-8668-F073ABF9436A}.Release|Any CPU.Build.0 = Release|Any CPU
		{6315405E-FF6E-4EA1-96F0-7C1F97C72FFE}.Debug|Any CPU.ActiveCfg = Debug|Any CPU
		{6315405E-FF6E-4EA1-96F0-7C1F97C72FFE}.Debug|Any CPU.Build.0 = Debug|Any CPU
		{6315405E-FF6E-4EA1-96F0-7C1F97C72FFE}.Release|Any CPU.ActiveCfg = Release|Any CPU
		{6315405E-FF6E-4EA1-96F0-7C1F97C72FFE}.Release|Any CPU.Build.0 = Release|Any CPU
	EndGlobalSection
	GlobalSection(SolutionProperties) = preSolution
		HideSolutionNode = FALSE
	EndGlobalSection
	GlobalSection(ExtensibilityGlobals) = postSolution
		SolutionGuid = {D775851C-6D5D-4FD1-9B18-68BCAD3FF35A}
	EndGlobalSection
EndGlobal
